
Microsoft Visual Studio Solution File, Format Version 12.00
# Visual Studio Version 17
VisualStudioVersion = 17.14.37203.1 d17.14
MinimumVisualStudioVersion = 10.0.40219.1
Project("{FAE04EC0-301F-11D3-BF4B-00C04F79EFBC}") = "CloudResourceManagementSystem", "CloudResourceManagementSystem.csproj", "{848F36A6-977C-4317-ACBF-38A53663325B}"
EndProject
Global
	GlobalSection(SolutionConfigurationPlatforms) = preSolution
		Debug|Any CPU = Debug|Any CPU
		Release|Any CPU = Release|Any CPU
	EndGlobalSection
	GlobalSection(ProjectConfigurationPlatforms) = postSolution
		{848F36A6-977C-4317-ACBF-38A53663325B}.Debug|Any CPU.ActiveCfg = Debug|Any CPU
		{848F36A6-977C-4317-ACBF-38A53663325B}.Debug|Any CPU.Build.0 = Debug|Any CPU
		{848F36A6-977C-4317-ACBF-38A53663325B}.Release|Any CPU.ActiveCfg = Release|Any CPU
		{848F36A6-977C-4317-ACBF-38A53663325B}.Release|Any CPU.Build.0 = Release|Any CPU
	EndGlobalSection
	GlobalSection(SolutionProperties) = preSolution
		HideSolutionNode = FALSE
	EndGlobalSection
	GlobalSection(ExtensibilityGlobals) = postSolution
		SolutionGuid = {F6B602AE-1F74-4B1C-9FDC-E04DD8A9142A}
	EndGlobalSection
EndGlobal
